// !$*UTF8*$!
{
	archiveVersion = 1;
	classes = {
	};
	objectVersion = 52;
	objects = {

/* Begin PBXBuildFile section */
		67352E3E6A8405E040BE8C32 /* Pods_Assignment1.framework in Frameworks */ = {isa = PBXBuildFile; fileRef = 33354A6CDA1006A8A3DCE2C4 /* Pods_Assignment1.framework */; };
		BB4ED92780EF4771E4CA708B /* Pods_Assignment1Tests.framework in Frameworks */ = {isa = PBXBuildFile; fileRef = 1730BBADD859ACB27C02A20A /* Pods_Assignment1Tests.framework */; };
		C215613191721CC9105D125A /* Pods_Assignment1_Assignment1UITests.framework in Frameworks */ = {isa = PBXBuildFile; fileRef = 9E586449224B2CC37F9472CA /* Pods_Assignment1_Assignment1UITests.framework */; };
		D5ADFE1226FAC7260099E6DD /* AppDelegate.swift in Sources */ = {isa = PBXBuildFile; fileRef = D5ADFE1126FAC7260099E6DD /* AppDelegate.swift */; };
		D5ADFE1426FAC7260099E6DD /* SceneDelegate.swift in Sources */ = {isa = PBXBuildFile; fileRef = D5ADFE1326FAC7260099E6DD /* SceneDelegate.swift */; };
		D5ADFE1626FAC7260099E6DD /* ViewController.swift in Sources */ = {isa = PBXBuildFile; fileRef = D5ADFE1526FAC7260099E6DD /* ViewController.swift */; };
		D5ADFE1926FAC7260099E6DD /* Main.storyboard in Resources */ = {isa = PBXBuildFile; fileRef = D5ADFE1726FAC7260099E6DD /* Main.storyboard */; };
		D5ADFE1B26FAC7270099E6DD /* Assets.xcassets in Resources */ = {isa = PBXBuildFile; fileRef = D5ADFE1A26FAC7270099E6DD /* Assets.xcassets */; };
		D5ADFE1E26FAC7270099E6DD /* LaunchScreen.storyboard in Resources */ = {isa = PBXBuildFile; fileRef = D5ADFE1C26FAC7270099E6DD /* LaunchScreen.storyboard */; };
		D5ADFE2926FAC7270099E6DD /* Assignment1Tests.swift in Sources */ = {isa = PBXBuildFile; fileRef = D5ADFE2826FAC7270099E6DD /* Assignment1Tests.swift */; };
		D5ADFE3426FAC7270099E6DD /* Assignment1UITests.swift in Sources */ = {isa = PBXBuildFile; fileRef = D5ADFE3326FAC7270099E6DD /* Assignment1UITests.swift */; };
		D5DDD68C26FC0B760011F86F /* MovieCell.swift in Sources */ = {isa = PBXBuildFile; fileRef = D5DDD68B26FC0B760011F86F /* MovieCell.swift */; };
		D5DDD69026FC10350011F86F /* Alamofire in Frameworks */ = {isa = PBXBuildFile; productRef = D5DDD68F26FC10350011F86F /* Alamofire */; };
/* End PBXBuildFile section */

/* Begin PBXContainerItemProxy section */
		D5ADFE2526FAC7270099E6DD /* PBXContainerItemProxy */ = {
			isa = PBXContainerItemProxy;
			containerPortal = D5ADFE0626FAC7260099E6DD /* Project object */;
			proxyType = 1;
			remoteGlobalIDString = D5ADFE0D26FAC7260099E6DD;
			remoteInfo = Assignment1;
		};
		D5ADFE3026FAC7270099E6DD /* PBXContainerItemProxy */ = {
			isa = PBXContainerItemProxy;
			containerPortal = D5ADFE0626FAC7260099E6DD /* Project object */;
			proxyType = 1;
			remoteGlobalIDString = D5ADFE0D26FAC7260099E6DD;
			remoteInfo = Assignment1;
		};
/* End PBXContainerItemProxy section */

/* Begin PBXFileReference section */
		04181E1002A3EF2E4F82E4A6 /* Pods-Assignment1.release.xcconfig */ = {isa = PBXFileReference; includeInIndex = 1; lastKnownFileType = text.xcconfig; name = "Pods-Assignment1.release.xcconfig"; path = "Target Support Files/Pods-Assignment1/Pods-Assignment1.release.xcconfig"; sourceTree = "<group>"; };
		1730BBADD859ACB27C02A20A /* Pods_Assignment1Tests.framework */ = {isa = PBXFileReference; explicitFileType = wrapper.framework; includeInIndex = 0; path = Pods_Assignment1Tests.framework; sourceTree = BUILT_PRODUCTS_DIR; };
		33354A6CDA1006A8A3DCE2C4 /* Pods_Assignment1.framework */ = {isa = PBXFileReference; explicitFileType = wrapper.framework; includeInIndex = 0; path = Pods_Assignment1.framework; sourceTree = BUILT_PRODUCTS_DIR; };
		7A350C5611B10872545AD096 /* Pods-Assignment1-Assignment1UITests.debug.xcconfig */ = {isa = PBXFileReference; includeInIndex = 1; lastKnownFileType = text.xcconfig; name = "Pods-Assignment1-Assignment1UITests.debug.xcconfig"; path = "Target Support Files/Pods-Assignment1-Assignment1UITests/Pods-Assignment1-Assignment1UITests.debug.xcconfig"; sourceTree = "<group>"; };
		9E586449224B2CC37F9472CA /* Pods_Assignment1_Assignment1UITests.framework */ = {isa = PBXFileReference; explicitFileType = wrapper.framework; includeInIndex = 0; path = Pods_Assignment1_Assignment1UITests.framework; sourceTree = BUILT_PRODUCTS_DIR; };
		CC91898EA09CEBA5F01F03EF /* Pods-Assignment1.debug.xcconfig */ = {isa = PBXFileReference; includeInIndex = 1; lastKnownFileType = text.xcconfig; name = "Pods-Assignment1.debug.xcconfig"; path = "Target Support Files/Pods-Assignment1/Pods-Assignment1.debug.xcconfig"; sourceTree = "<group>"; };
		D5ADFE0E26FAC7260099E6DD /* Assignment1.app */ = {isa = PBXFileReference; explicitFileType = wrapper.application; includeInIndex = 0; path = Assignment1.app; sourceTree = BUILT_PRODUCTS_DIR; };
		D5ADFE1126FAC7260099E6DD /* AppDelegate.swift */ = {isa = PBXFileReference; lastKnownFileType = sourcecode.swift; path = AppDelegate.swift; sourceTree = "<group>"; };
		D5ADFE1326FAC7260099E6DD /* SceneDelegate.swift */ = {isa = PBXFileReference; lastKnownFileType = sourcecode.swift; path = SceneDelegate.swift; sourceTree = "<group>"; };
		D5ADFE1526FAC7260099E6DD /* ViewController.swift */ = {isa = PBXFileReference; lastKnownFileType = sourcecode.swift; path = ViewController.swift; sourceTree = "<group>"; };
		D5ADFE1826FAC7260099E6DD /* Base */ = {isa = PBXFileReference; lastKnownFileType = file.storyboard; name = Base; path = Base.lproj/Main.storyboard; sourceTree = "<group>"; };
		D5ADFE1A26FAC7270099E6DD /* Assets.xcassets */ = {isa = PBXFileReference; lastKnownFileType = folder.assetcatalog; path = Assets.xcassets; sourceTree = "<group>"; };
		D5ADFE1D26FAC7270099E6DD /* Base */ = {isa = PBXFileReference; lastKnownFileType = file.storyboard; name = Base; path = Base.lproj/LaunchScreen.storyboard; sourceTree = "<group>"; };
		D5ADFE1F26FAC7270099E6DD /* Info.plist */ = {isa = PBXFileReference; lastKnownFileType = text.plist.xml; path = Info.plist; sourceTree = "<group>"; };
		D5ADFE2426FAC7270099E6DD /* Assignment1Tests.xctest */ = {isa = PBXFileReference; explicitFileType = wrapper.cfbundle; includeInIndex = 0; path = Assignment1Tests.xctest; sourceTree = BUILT_PRODUCTS_DIR; };
		D5ADFE2826FAC7270099E6DD /* Assignment1Tests.swift */ = {isa = PBXFileReference; lastKnownFileType = sourcecode.swift; path = Assignment1Tests.swift; sourceTree = "<group>"; };
		D5ADFE2A26FAC7270099E6DD /* Info.plist */ = {isa = PBXFileReference; lastKnownFileType = text.plist.xml; path = Info.plist; sourceTree = "<group>"; };
		D5ADFE2F26FAC7270099E6DD /* Assignment1UITests.xctest */ = {isa = PBXFileReference; explicitFileType = wrapper.cfbundle; includeInIndex = 0; path = Assignment1UITests.xctest; sourceTree = BUILT_PRODUCTS_DIR; };
		D5ADFE3326FAC7270099E6DD /* Assignment1UITests.swift */ = {isa = PBXFileReference; lastKnownFileType = sourcecode.swift; path = Assignment1UITests.swift; sourceTree = "<group>"; };
		D5ADFE3526FAC7270099E6DD /* Info.plist */ = {isa = PBXFileReference; lastKnownFileType = text.plist.xml; path = Info.plist; sourceTree = "<group>"; };
		D5DDD68B26FC0B760011F86F /* MovieCell.swift */ = {isa = PBXFileReference; lastKnownFileType = sourcecode.swift; path = MovieCell.swift; sourceTree = "<group>"; };
		D5DDD68D26FC10120011F86F /* AlamoFireImage */ = {isa = PBXFileReference; lastKnownFileType = folder; name = AlamoFireImage; path = ../../AlamoFireImage; sourceTree = "<group>"; };
		DBD45E56064813CA11E1E305 /* Pods-Assignment1-Assignment1UITests.release.xcconfig */ = {isa = PBXFileReference; includeInIndex = 1; lastKnownFileType = text.xcconfig; name = "Pods-Assignment1-Assignment1UITests.release.xcconfig"; path = "Target Support Files/Pods-Assignment1-Assignment1UITests/Pods-Assignment1-Assignment1UITests.release.xcconfig"; sourceTree = "<group>"; };
		E1BECB2FB4EC7C5CB3EF84D0 /* Pods-Assignment1Tests.debug.xcconfig */ = {isa = PBXFileReference; includeInIndex = 1; lastKnownFileType = text.xcconfig; name = "Pods-Assignment1Tests.debug.xcconfig"; path = "Target Support Files/Pods-Assignment1Tests/Pods-Assignment1Tests.debug.xcconfig"; sourceTree = "<group>"; };
		F119ECA8E0A4638ECD8DF946 /* Pods-Assignment1Tests.release.xcconfig */ = {isa = PBXFileReference; includeInIndex = 1; lastKnownFileType = text.xcconfig; name = "Pods-Assignment1Tests.release.xcconfig"; path = "Target Support Files/Pods-Assignment1Tests/Pods-Assignment1Tests.release.xcconfig"; sourceTree = "<group>"; };
/* End PBXFileReference section */

/* Begin PBXFrameworksBuildPhase section */
		D5ADFE0B26FAC7260099E6DD /* Frameworks */ = {
			isa = PBXFrameworksBuildPhase;
			buildActionMask = 2147483647;
			files = (
				D5DDD69026FC10350011F86F /* Alamofire in Frameworks */,
				67352E3E6A8405E040BE8C32 /* Pods_Assignment1.framework in Frameworks */,
			);
			runOnlyForDeploymentPostprocessing = 0;
		};
		D5ADFE2126FAC7270099E6DD /* Frameworks */ = {
			isa = PBXFrameworksBuildPhase;
			buildActionMask = 2147483647;
			files = (
				BB4ED92780EF4771E4CA708B /* Pods_Assignment1Tests.framework in Frameworks */,
			);
			runOnlyForDeploymentPostprocessing = 0;
		};
		D5ADFE2C26FAC7270099E6DD /* Frameworks */ = {
			isa = PBXFrameworksBuildPhase;
			buildActionMask = 2147483647;
			files = (
				C215613191721CC9105D125A /* Pods_Assignment1_Assignment1UITests.framework in Frameworks */,
			);
			runOnlyForDeploymentPostprocessing = 0;
		};
/* End PBXFrameworksBuildPhase section */

/* Begin PBXGroup section */
		31F5AADCA7985E73293A029B /* Frameworks */ = {
			isa = PBXGroup;
			children = (
				33354A6CDA1006A8A3DCE2C4 /* Pods_Assignment1.framework */,
				9E586449224B2CC37F9472CA /* Pods_Assignment1_Assignment1UITests.framework */,
				1730BBADD859ACB27C02A20A /* Pods_Assignment1Tests.framework */,
			);
			name = Frameworks;
			sourceTree = "<group>";
		};
		83DE7CF08BADCB2BB45878F6 /* Pods */ = {
			isa = PBXGroup;
			children = (
				CC91898EA09CEBA5F01F03EF /* Pods-Assignment1.debug.xcconfig */,
				04181E1002A3EF2E4F82E4A6 /* Pods-Assignment1.release.xcconfig */,
				7A350C5611B10872545AD096 /* Pods-Assignment1-Assignment1UITests.debug.xcconfig */,
				DBD45E56064813CA11E1E305 /* Pods-Assignment1-Assignment1UITests.release.xcconfig */,
				E1BECB2FB4EC7C5CB3EF84D0 /* Pods-Assignment1Tests.debug.xcconfig */,
				F119ECA8E0A4638ECD8DF946 /* Pods-Assignment1Tests.release.xcconfig */,
			);
			name = Pods;
			path = Pods;
			sourceTree = "<group>";
		};
		D5ADFE0526FAC7260099E6DD = {
			isa = PBXGroup;
			children = (
				D5ADFE1026FAC7260099E6DD /* Assignment1 */,
				D5ADFE2726FAC7270099E6DD /* Assignment1Tests */,
				D5ADFE3226FAC7270099E6DD /* Assignment1UITests */,
				D5ADFE0F26FAC7260099E6DD /* Products */,
				83DE7CF08BADCB2BB45878F6 /* Pods */,
				31F5AADCA7985E73293A029B /* Frameworks */,
			);
			sourceTree = "<group>";
		};
		D5ADFE0F26FAC7260099E6DD /* Products */ = {
			isa = PBXGroup;
			children = (
				D5ADFE0E26FAC7260099E6DD /* Assignment1.app */,
				D5ADFE2426FAC7270099E6DD /* Assignment1Tests.xctest */,
				D5ADFE2F26FAC7270099E6DD /* Assignment1UITests.xctest */,
			);
			name = Products;
			sourceTree = "<group>";
		};
		D5ADFE1026FAC7260099E6DD /* Assignment1 */ = {
			isa = PBXGroup;
			children = (
				D5DDD68D26FC10120011F86F /* AlamoFireImage */,
				D5ADFE1126FAC7260099E6DD /* AppDelegate.swift */,
				D5ADFE1326FAC7260099E6DD /* SceneDelegate.swift */,
				D5ADFE1526FAC7260099E6DD /* ViewController.swift */,
				D5ADFE1726FAC7260099E6DD /* Main.storyboard */,
				D5DDD68B26FC0B760011F86F /* MovieCell.swift */,
				D5ADFE1A26FAC7270099E6DD /* Assets.xcassets */,
				D5ADFE1C26FAC7270099E6DD /* LaunchScreen.storyboard */,
				D5ADFE1F26FAC7270099E6DD /* Info.plist */,
			);
			path = Assignment1;
			sourceTree = "<group>";
		};
		D5ADFE2726FAC7270099E6DD /* Assignment1Tests */ = {
			isa = PBXGroup;
			children = (
				D5ADFE2826FAC7270099E6DD /* Assignment1Tests.swift */,
				D5ADFE2A26FAC7270099E6DD /* Info.plist */,
			);
			path = Assignment1Tests;
			sourceTree = "<group>";
		};
		D5ADFE3226FAC7270099E6DD /* Assignment1UITests */ = {
			isa = PBXGroup;
			children = (
				D5ADFE3326FAC7270099E6DD /* Assignment1UITests.swift */,
				D5ADFE3526FAC7270099E6DD /* Info.plist */,
			);
			path = Assignment1UITests;
			sourceTree = "<group>";
		};
/* End PBXGroup section */

/* Begin PBXNativeTarget section */
		D5ADFE0D26FAC7260099E6DD /* Assignment1 */ = {
			isa = PBXNativeTarget;
			buildConfigurationList = D5ADFE3826FAC7270099E6DD /* Build configuration list for PBXNativeTarget "Assignment1" */;
			buildPhases = (
				4B38CAF3A90262876B99DC51 /* [CP] Check Pods Manifest.lock */,
				D5ADFE0A26FAC7260099E6DD /* Sources */,
				D5ADFE0B26FAC7260099E6DD /* Frameworks */,
				D5ADFE0C26FAC7260099E6DD /* Resources */,
				F8F2EF53C68FBE6576859836 /* [CP] Embed Pods Frameworks */,
			);
			buildRules = (
			);
			dependencies = (
			);
			name = Assignment1;
			packageProductDependencies = (
				D5DDD68F26FC10350011F86F /* Alamofire */,
			);
			productName = Assignment1;
			productReference = D5ADFE0E26FAC7260099E6DD /* Assignment1.app */;
			productType = "com.apple.product-type.application";
		};
		D5ADFE2326FAC7270099E6DD /* Assignment1Tests */ = {
			isa = PBXNativeTarget;
			buildConfigurationList = D5ADFE3B26FAC7270099E6DD /* Build configuration list for PBXNativeTarget "Assignment1Tests" */;
			buildPhases = (
				97BD1A556F64B9EF5D1BA774 /* [CP] Check Pods Manifest.lock */,
				D5ADFE2026FAC7270099E6DD /* Sources */,
				D5ADFE2126FAC7270099E6DD /* Frameworks */,
				D5ADFE2226FAC7270099E6DD /* Resources */,
			);
			buildRules = (
			);
			dependencies = (
				D5ADFE2626FAC7270099E6DD /* PBXTargetDependency */,
			);
			name = Assignment1Tests;
			productName = Assignment1Tests;
			productReference = D5ADFE2426FAC7270099E6DD /* Assignment1Tests.xctest */;
			productType = "com.apple.product-type.bundle.unit-test";
		};
		D5ADFE2E26FAC7270099E6DD /* Assignment1UITests */ = {
			isa = PBXNativeTarget;
			buildConfigurationList = D5ADFE3E26FAC7270099E6DD /* Build configuration list for PBXNativeTarget "Assignment1UITests" */;
			buildPhases = (
				ABA8B73B21441A4647509DF6 /* [CP] Check Pods Manifest.lock */,
				D5ADFE2B26FAC7270099E6DD /* Sources */,
				D5ADFE2C26FAC7270099E6DD /* Frameworks */,
				D5ADFE2D26FAC7270099E6DD /* Resources */,
				EB16F26F1B03CF6951AD33BA /* [CP] Embed Pods Frameworks */,
			);
			buildRules = (
			);
			dependencies = (
				D5ADFE3126FAC7270099E6DD /* PBXTargetDependency */,
			);
			name = Assignment1UITests;
			productName = Assignment1UITests;
			productReference = D5ADFE2F26FAC7270099E6DD /* Assignment1UITests.xctest */;
			productType = "com.apple.product-type.bundle.ui-testing";
		};
/* End PBXNativeTarget section */

/* Begin PBXProject section */
		D5ADFE0626FAC7260099E6DD /* Project object */ = {
			isa = PBXProject;
			attributes = {
				LastSwiftUpdateCheck = 1250;
				LastUpgradeCheck = 1250;
				TargetAttributes = {
					D5ADFE0D26FAC7260099E6DD = {
						CreatedOnToolsVersion = 12.5.1;
					};
					D5ADFE2326FAC7270099E6DD = {
						CreatedOnToolsVersion = 12.5.1;
						TestTargetID = D5ADFE0D26FAC7260099E6DD;
					};
					D5ADFE2E26FAC7270099E6DD = {
						CreatedOnToolsVersion = 12.5.1;
						TestTargetID = D5ADFE0D26FAC7260099E6DD;
					};
				};
			};
			buildConfigurationList = D5ADFE0926FAC7260099E6DD /* Build configuration list for PBXProject "Assignment1" */;
			compatibilityVersion = "Xcode 9.3";
			developmentRegion = en;
			hasScannedForEncodings = 0;
			knownRegions = (
				en,
				Base,
			);
			mainGroup = D5ADFE0526FAC7260099E6DD;
			packageReferences = (
				D5DDD68E26FC10350011F86F /* XCRemoteSwiftPackageReference "Alamofire" */,
			);
			productRefGroup = D5ADFE0F26FAC7260099E6DD /* Products */;
			projectDirPath = "";
			projectRoot = "";
			targets = (
				D5ADFE0D26FAC7260099E6DD /* Assignment1 */,
				D5ADFE2326FAC7270099E6DD /* Assignment1Tests */,
				D5ADFE2E26FAC7270099E6DD /* Assignment1UITests */,
			);
		};
/* End PBXProject section */

/* Begin PBXResourcesBuildPhase section */
		D5ADFE0C26FAC7260099E6DD /* Resources */ = {
			isa = PBXResourcesBuildPhase;
			buildActionMask = 2147483647;
			files = (
				D5ADFE1E26FAC7270099E6DD /* LaunchScreen.storyboard in Resources */,
				D5ADFE1B26FAC7270099E6DD /* Assets.xcassets in Resources */,
				D5ADFE1926FAC7260099E6DD /* Main.storyboard in Resources */,
			);
			runOnlyForDeploymentPostprocessing = 0;
		};
		D5ADFE2226FAC7270099E6DD /* Resources */ = {
			isa = PBXResourcesBuildPhase;
			buildActionMask = 2147483647;
			files = (
			);
			runOnlyForDeploymentPostprocessing = 0;
		};
		D5ADFE2D26FAC7270099E6DD /* Resources */ = {
			isa = PBXResourcesBuildPhase;
			buildActionMask = 2147483647;
			files = (
			);
			runOnlyForDeploymentPostprocessing = 0;
		};
/* End PBXResourcesBuildPhase section */

/* Begin PBXShellScriptBuildPhase section */
		4B38CAF3A90262876B99DC51 /* [CP] Check Pods Manifest.lock */ = {
			isa = PBXShellScriptBuildPhase;
			buildActionMask = 2147483647;
			files = (
			);
			inputFileListPaths = (
			);
			inputPaths = (
				"${PODS_PODFILE_DIR_PATH}/Podfile.lock",
				"${PODS_ROOT}/Manifest.lock",
			);
			name = "[CP] Check Pods Manifest.lock";
			outputFileListPaths = (
			);
			outputPaths = (
				"$(DERIVED_FILE_DIR)/Pods-Assignment1-checkManifestLockResult.txt",
			);
			runOnlyForDeploymentPostprocessing = 0;
			shellPath = /bin/sh;
			shellScript = "diff \"${PODS_PODFILE_DIR_PATH}/Podfile.lock\" \"${PODS_ROOT}/Manifest.lock\" > /dev/null\nif [ $? != 0 ] ; then\n    # print error to STDERR\n    echo \"error: The sandbox is not in sync with the Podfile.lock. Run 'pod install' or update your CocoaPods installation.\" >&2\n    exit 1\nfi\n# This output is used by Xcode 'outputs' to avoid re-running this script phase.\necho \"SUCCESS\" > \"${SCRIPT_OUTPUT_FILE_0}\"\n";
			showEnvVarsInLog = 0;
		};
		97BD1A556F64B9EF5D1BA774 /* [CP] Check Pods Manifest.lock */ = {
			isa = PBXShellScriptBuildPhase;
			buildActionMask = 2147483647;
			files = (
			);
			inputFileListPaths = (
			);
			inputPaths = (
				"${PODS_PODFILE_DIR_PATH}/Podfile.lock",
				"${PODS_ROOT}/Manifest.lock",
			);
			name = "[CP] Check Pods Manifest.lock";
			outputFileListPaths = (
			);
			outputPaths = (
				"$(DERIVED_FILE_DIR)/Pods-Assignment1Tests-checkManifestLockResult.txt",
			);
			runOnlyForDeploymentPostprocessing = 0;
			shellPath = /bin/sh;
			shellScript = "diff \"${PODS_PODFILE_DIR_PATH}/Podfile.lock\" \"${PODS_ROOT}/Manifest.lock\" > /dev/null\nif [ $? != 0 ] ; then\n    # print error to STDERR\n    echo \"error: The sandbox is not in sync with the Podfile.lock. Run 'pod install' or update your CocoaPods installation.\" >&2\n    exit 1\nfi\n# This output is used by Xcode 'outputs' to avoid re-running this script phase.\necho \"SUCCESS\" > \"${SCRIPT_OUTPUT_FILE_0}\"\n";
			showEnvVarsInLog = 0;
		};
		ABA8B73B21441A4647509DF6 /* [CP] Check Pods Manifest.lock */ = {
			isa = PBXShellScriptBuildPhase;
			buildActionMask = 2147483647;
			files = (
			);
			inputFileListPaths = (
			);
			inputPaths = (
				"${PODS_PODFILE_DIR_PATH}/Podfile.lock",
				"${PODS_ROOT}/Manifest.lock",
			);
			name = "[CP] Check Pods Manifest.lock";
			outputFileListPaths = (
			);
			outputPaths = (
				"$(DERIVED_FILE_DIR)/Pods-Assignment1-Assignment1UITests-checkManifestLockResult.txt",
			);
			runOnlyForDeploymentPostprocessing = 0;
			shellPath = /bin/sh;
			shellScript = "diff \"${PODS_PODFILE_DIR_PATH}/Podfile.lock\" \"${PODS_ROOT}/Manifest.lock\" > /dev/null\nif [ $? != 0 ] ; then\n    # print error to STDERR\n    echo \"error: The sandbox is not in sync with the Podfile.lock. Run 'pod install' or update your CocoaPods installation.\" >&2\n    exit 1\nfi\n# This output is used by Xcode 'outputs' to avoid re-running this script phase.\necho \"SUCCESS\" > \"${SCRIPT_OUTPUT_FILE_0}\"\n";
			showEnvVarsInLog = 0;
		};
		EB16F26F1B03CF6951AD33BA /* [CP] Embed Pods Frameworks */ = {
			isa = PBXShellScriptBuildPhase;
			buildActionMask = 2147483647;
			files = (
			);
			inputFileListPaths = (
				"${PODS_ROOT}/Target Support Files/Pods-Assignment1-Assignment1UITests/Pods-Assignment1-Assignment1UITests-frameworks-${CONFIGURATION}-input-files.xcfilelist",
			);
			name = "[CP] Embed Pods Frameworks";
			outputFileListPaths = (
				"${PODS_ROOT}/Target Support Files/Pods-Assignment1-Assignment1UITests/Pods-Assignment1-Assignment1UITests-frameworks-${CONFIGURATION}-output-files.xcfilelist",
			);
			runOnlyForDeploymentPostprocessing = 0;
			shellPath = /bin/sh;
			shellScript = "\"${PODS_ROOT}/Target Support Files/Pods-Assignment1-Assignment1UITests/Pods-Assignment1-Assignment1UITests-frameworks.sh\"\n";
			showEnvVarsInLog = 0;
		};
		F8F2EF53C68FBE6576859836 /* [CP] Embed Pods Frameworks */ = {
			isa = PBXShellScriptBuildPhase;
			buildActionMask = 2147483647;
			files = (
			);
			inputFileListPaths = (
				"${PODS_ROOT}/Target Support Files/Pods-Assignment1/Pods-Assignment1-frameworks-${CONFIGURATION}-input-files.xcfilelist",
			);
			name = "[CP] Embed Pods Frameworks";
			outputFileListPaths = (
				"${PODS_ROOT}/Target Support Files/Pods-Assignment1/Pods-Assignment1-frameworks-${CONFIGURATION}-output-files.xcfilelist",
			);
			runOnlyForDeploymentPostprocessing = 0;
			shellPath = /bin/sh;
			shellScript = "\"${PODS_ROOT}/Target Support Files/Pods-Assignment1/Pods-Assignment1-frameworks.sh\"\n";
			showEnvVarsInLog = 0;
		};
/* End PBXShellScriptBuildPhase section */

/* Begin PBXSourcesBuildPhase section */
		D5ADFE0A26FAC7260099E6DD /* Sources */ = {
			isa = PBXSourcesBuildPhase;
			buildActionMask = 2147483647;
			files = (
				D5ADFE1626FAC7260099E6DD /* ViewController.swift in Sources */,
				D5ADFE1226FAC7260099E6DD /* AppDelegate.swift in Sources */,
				D5DDD68C26FC0B760011F86F /* MovieCell.swift in Sources */,
				D5ADFE1426FAC7260099E6DD /* SceneDelegate.swift in Sources */,
			);
			runOnlyForDeploymentPostprocessing = 0;
		};
		D5ADFE2026FAC7270099E6DD /* Sources */ = {
			isa = PBXSourcesBuildPhase;
			buildActionMask = 2147483647;
			files = (
				D5ADFE2926FAC7270099E6DD /* Assignment1Tests.swift in Sources */,
			);
			runOnlyForDeploymentPostprocessing = 0;
		};
		D5ADFE2B26FAC7270099E6DD /* Sources */ = {
			isa = PBXSourcesBuildPhase;
			buildActionMask = 2147483647;
			files = (
				D5ADFE3426FAC7270099E6DD /* Assignment1UITests.swift in Sources */,
			);
			runOnlyForDeploymentPostprocessing = 0;
		};
/* End PBXSourcesBuildPhase section */

/* Begin PBXTargetDependency section */
		D5ADFE2626FAC7270099E6DD /* PBXTargetDependency */ = {
			isa = PBXTargetDependency;
			target = D5ADFE0D26FAC7260099E6DD /* Assignment1 */;
			targetProxy = D5ADFE2526FAC7270099E6DD /* PBXContainerItemProxy */;
		};
		D5ADFE3126FAC7270099E6DD /* PBXTargetDependency */ = {
			isa = PBXTargetDependency;
			target = D5ADFE0D26FAC7260099E6DD /* Assignment1 */;
			targetProxy = D5ADFE3026FAC7270099E6DD /* PBXContainerItemProxy */;
		};
/* End PBXTargetDependency section */

/* Begin PBXVariantGroup section */
		D5ADFE1726FAC7260099E6DD /* Main.storyboard */ = {
			isa = PBXVariantGroup;
			children = (
				D5ADFE1826FAC7260099E6DD /* Base */,
			);
			name = Main.storyboard;
			sourceTree = "<group>";
		};
		D5ADFE1C26FAC7270099E6DD /* LaunchScreen.storyboard */ = {
			isa = PBXVariantGroup;
			children = (
				D5ADFE1D26FAC7270099E6DD /* Base */,
			);
			name = LaunchScreen.storyboard;
			sourceTree = "<group>";
		};
/* End PBXVariantGroup section */

/* Begin XCBuildConfiguration section */
		D5ADFE3626FAC7270099E6DD /* Debug */ = {
			isa = XCBuildConfiguration;
			buildSettings = {
				ALWAYS_SEARCH_USER_PATHS = NO;
				CLANG_ANALYZER_NONNULL = YES;
				CLANG_ANALYZER_NUMBER_OBJECT_CONVERSION = YES_AGGRESSIVE;
				CLANG_CXX_LANGUAGE_STANDARD = "gnu++14";
				CLANG_CXX_LIBRARY = "libc++";
				CLANG_ENABLE_MODULES = YES;
				CLANG_ENABLE_OBJC_ARC = YES;
				CLANG_ENABLE_OBJC_WEAK = YES;
				CLANG_WARN_BLOCK_CAPTURE_AUTORELEASING = YES;
				CLANG_WARN_BOOL_CONVERSION = YES;
				CLANG_WARN_COMMA = YES;
				CLANG_WARN_CONSTANT_CONVERSION = YES;
				CLANG_WARN_DEPRECATED_OBJC_IMPLEMENTATIONS = YES;
				CLANG_WARN_DIRECT_OBJC_ISA_USAGE = YES_ERROR;
				CLANG_WARN_DOCUMENTATION_COMMENTS = YES;
				CLANG_WARN_EMPTY_BODY = YES;
				CLANG_WARN_ENUM_CONVERSION = YES;
				CLANG_WARN_INFINITE_RECURSION = YES;
				CLANG_WARN_INT_CONVERSION = YES;
				CLANG_WARN_NON_LITERAL_NULL_CONVERSION = YES;
				CLANG_WARN_OBJC_IMPLICIT_RETAIN_SELF = YES;
				CLANG_WARN_OBJC_LITERAL_CONVERSION = YES;
				CLANG_WARN_OBJC_ROOT_CLASS = YES_ERROR;
				CLANG_WARN_QUOTED_INCLUDE_IN_FRAMEWORK_HEADER = YES;
				CLANG_WARN_RANGE_LOOP_ANALYSIS = YES;
				CLANG_WARN_STRICT_PROTOTYPES = YES;
				CLANG_WARN_SUSPICIOUS_MOVE = YES;
				CLANG_WARN_UNGUARDED_AVAILABILITY = YES_AGGRESSIVE;
				CLANG_WARN_UNREACHABLE_CODE = YES;
				CLANG_WARN__DUPLICATE_METHOD_MATCH = YES;
				COPY_PHASE_STRIP = NO;
				DEBUG_INFORMATION_FORMAT = dwarf;
				ENABLE_STRICT_OBJC_MSGSEND = YES;
				ENABLE_TESTABILITY = YES;
				GCC_C_LANGUAGE_STANDARD = gnu11;
				GCC_DYNAMIC_NO_PIC = NO;
				GCC_NO_COMMON_BLOCKS = YES;
				GCC_OPTIMIZATION_LEVEL = 0;
				GCC_PREPROCESSOR_DEFINITIONS = (
					"DEBUG=1",
					"$(inherited)",
				);
				GCC_WARN_64_TO_32_BIT_CONVERSION = YES;
				GCC_WARN_ABOUT_RETURN_TYPE = YES_ERROR;
				GCC_WARN_UNDECLARED_SELECTOR = YES;
				GCC_WARN_UNINITIALIZED_AUTOS = YES_AGGRESSIVE;
				GCC_WARN_UNUSED_FUNCTION = YES;
				GCC_WARN_UNUSED_VARIABLE = YES;
				IPHONEOS_DEPLOYMENT_TARGET = 14.5;
				MTL_ENABLE_DEBUG_INFO = INCLUDE_SOURCE;
				MTL_FAST_MATH = YES;
				ONLY_ACTIVE_ARCH = YES;
				SDKROOT = iphoneos;
				SWIFT_ACTIVE_COMPILATION_CONDITIONS = DEBUG;
				SWIFT_OPTIMIZATION_LEVEL = "-Onone";
			};
			name = Debug;
		};
		D5ADFE3726FAC7270099E6DD /* Release */ = {
			isa = XCBuildConfiguration;
			buildSettings = {
				ALWAYS_SEARCH_USER_PATHS = NO;
				CLANG_ANALYZER_NONNULL = YES;
				CLANG_ANALYZER_NUMBER_OBJECT_CONVERSION = YES_AGGRESSIVE;
				CLANG_CXX_LANGUAGE_STANDARD = "gnu++14";
				CLANG_CXX_LIBRARY = "libc++";
				CLANG_ENABLE_MODULES = YES;
				CLANG_ENABLE_OBJC_ARC = YES;
				CLANG_ENABLE_OBJC_WEAK = YES;
				CLANG_WARN_BLOCK_CAPTURE_AUTORELEASING = YES;
				CLANG_WARN_BOOL_CONVERSION = YES;
				CLANG_WARN_COMMA = YES;
				CLANG_WARN_CONSTANT_CONVERSION = YES;
				CLANG_WARN_DEPRECATED_OBJC_IMPLEMENTATIONS = YES;
				CLANG_WARN_DIRECT_OBJC_ISA_USAGE = YES_ERROR;
				CLANG_WARN_DOCUMENTATION_COMMENTS = YES;
				CLANG_WARN_EMPTY_BODY = YES;
				CLANG_WARN_ENUM_CONVERSION = YES;
				CLANG_WARN_INFINITE_RECURSION = YES;
				CLANG_WARN_INT_CONVERSION = YES;
				CLANG_WARN_NON_LITERAL_NULL_CONVERSION = YES;
				CLANG_WARN_OBJC_IMPLICIT_RETAIN_SELF = YES;
				CLANG_WARN_OBJC_LITERAL_CONVERSION = YES;
				CLANG_WARN_OBJC_ROOT_CLASS = YES_ERROR;
				CLANG_WARN_QUOTED_INCLUDE_IN_FRAMEWORK_HEADER = YES;
				CLANG_WARN_RANGE_LOOP_ANALYSIS = YES;
				CLANG_WARN_STRICT_PROTOTYPES = YES;
				CLANG_WARN_SUSPICIOUS_MOVE = YES;
				CLANG_WARN_UNGUARDED_AVAILABILITY = YES_AGGRESSIVE;
				CLANG_WARN_UNREACHABLE_CODE = YES;
				CLANG_WARN__DUPLICATE_METHOD_MATCH = YES;
				COPY_PHASE_STRIP = NO;
				DEBUG_INFORMATION_FORMAT = "dwarf-with-dsym";
				ENABLE_NS_ASSERTIONS = NO;
				ENABLE_STRICT_OBJC_MSGSEND = YES;
				GCC_C_LANGUAGE_STANDARD = gnu11;
				GCC_NO_COMMON_BLOCKS = YES;
				GCC_WARN_64_TO_32_BIT_CONVERSION = YES;
				GCC_WARN_ABOUT_RETURN_TYPE = YES_ERROR;
				GCC_WARN_UNDECLARED_SELECTOR = YES;
				GCC_WARN_UNINITIALIZED_AUTOS = YES_AGGRESSIVE;
				GCC_WARN_UNUSED_FUNCTION = YES;
				GCC_WARN_UNUSED_VARIABLE = YES;
				IPHONEOS_DEPLOYMENT_TARGET = 14.5;
				MTL_ENABLE_DEBUG_INFO = NO;
				MTL_FAST_MATH = YES;
				SDKROOT = iphoneos;
				SWIFT_COMPILATION_MODE = wholemodule;
				SWIFT_OPTIMIZATION_LEVEL = "-O";
				VALIDATE_PRODUCT = YES;
			};
			name = Release;
		};
		D5ADFE3926FAC7270099E6DD /* Debug */ = {
			isa = XCBuildConfiguration;
			baseConfigurationReference = CC91898EA09CEBA5F01F03EF /* Pods-Assignment1.debug.xcconfig */;
			buildSettings = {
				ASSETCATALOG_COMPILER_APPICON_NAME = AppIcon;
				ASSETCATALOG_COMPILER_GLOBAL_ACCENT_COLOR_NAME = AccentColor;
				CODE_SIGN_STYLE = Automatic;
				DEVELOPMENT_TEAM = 47CJ75U92A;
				INFOPLIST_FILE = Assignment1/Info.plist;
				LD_RUNPATH_SEARCH_PATHS = (
					"$(inherited)",
					"@executable_path/Frameworks",
				);
				PRODUCT_BUNDLE_IDENTIFIER = com.Assignment1;
				PRODUCT_NAME = "$(TARGET_NAME)";
				SWIFT_VERSION = 5.0;
				TARGETED_DEVICE_FAMILY = "1,2";
			};
			name = Debug;
		};
		D5ADFE3A26FAC7270099E6DD /* Release */ = {
			isa = XCBuildConfiguration;
			baseConfigurationReference = 04181E1002A3EF2E4F82E4A6 /* Pods-Assignment1.release.xcconfig */;
			buildSettings = {
				ASSETCATALOG_COMPILER_APPICON_NAME = AppIcon;
				ASSETCATALOG_COMPILER_GLOBAL_ACCENT_COLOR_NAME = AccentColor;
				CODE_SIGN_STYLE = Automatic;
				DEVELOPMENT_TEAM = 47CJ75U92A;
				INFOPLIST_FILE = Assignment1/Info.plist;
				LD_RUNPATH_SEARCH_PATHS = (
					"$(inherited)",
					"@executable_path/Frameworks",
				);
				PRODUCT_BUNDLE_IDENTIFIER = com.Assignment1;
				PRODUCT_NAME = "$(TARGET_NAME)";
				SWIFT_VERSION = 5.0;
				TARGETED_DEVICE_FAMILY = "1,2";
			};
			name = Release;
		};
		D5ADFE3C26FAC7270099E6DD /* Debug */ = {
			isa = XCBuildConfiguration;
			baseConfigurationReference = E1BECB2FB4EC7C5CB3EF84D0 /* Pods-Assignment1Tests.debug.xcconfig */;
			buildSettings = {
				ALWAYS_EMBED_SWIFT_STANDARD_LIBRARIES = YES;
				BUNDLE_LOADER = "$(TEST_HOST)";
				CODE_SIGN_STYLE = Automatic;
				DEVELOPMENT_TEAM = 47CJ75U92A;
				INFOPLIST_FILE = Assignment1Tests/Info.plist;
				IPHONEOS_DEPLOYMENT_TARGET = 14.5;
				LD_RUNPATH_SEARCH_PATHS = (
					"$(inherited)",
					"@executable_path/Frameworks",
					"@loader_path/Frameworks",
				);
				PRODUCT_BUNDLE_IDENTIFIER = com.Assignment1Tests;
				PRODUCT_NAME = "$(TARGET_NAME)";
				SWIFT_VERSION = 5.0;
				TARGETED_DEVICE_FAMILY = "1,2";
				TEST_HOST = "$(BUILT_PRODUCTS_DIR)/Assignment1.app/Assignment1";
			};
			name = Debug;
		};
		D5ADFE3D26FAC7270099E6DD /* Release */ = {
			isa = XCBuildConfiguration;
			baseConfigurationReference = F119ECA8E0A4638ECD8DF946 /* Pods-Assignment1Tests.release.xcconfig */;
			buildSettings = {
				ALWAYS_EMBED_SWIFT_STANDARD_LIBRARIES = YES;
				BUNDLE_LOADER = "$(TEST_HOST)";
				CODE_SIGN_STYLE = Automatic;
				DEVELOPMENT_TEAM = 47CJ75U92A;
				INFOPLIST_FILE = Assignment1Tests/Info.plist;
				IPHONEOS_DEPLOYMENT_TARGET = 14.5;
				LD_RUNPATH_SEARCH_PATHS = (
					"$(inherited)",
					"@executable_path/Frameworks",
					"@loader_path/Frameworks",
				);
				PRODUCT_BUNDLE_IDENTIFIER = com.Assignment1Tests;
				PRODUCT_NAME = "$(TARGET_NAME)";
				SWIFT_VERSION = 5.0;
				TARGETED_DEVICE_FAMILY = "1,2";
				TEST_HOST = "$(BUILT_PRODUCTS_DIR)/Assignment1.app/Assignment1";
			};
			name = Release;
		};
		D5ADFE3F26FAC7270099E6DD /* Debug */ = {
			isa = XCBuildConfiguration;
			baseConfigurationReference = 7A350C5611B10872545AD096 /* Pods-Assignment1-Assignment1UITests.debug.xcconfig */;
			buildSettings = {
				ALWAYS_EMBED_SWIFT_STANDARD_LIBRARIES = YES;
				CODE_SIGN_STYLE = Automatic;
				DEVELOPMENT_TEAM = 47CJ75U92A;
				INFOPLIST_FILE = Assignment1UITests/Info.plist;
				LD_RUNPATH_SEARCH_PATHS = (
					"$(inherited)",
					"@executable_path/Frameworks",
					"@loader_path/Frameworks",
				);
				PRODUCT_BUNDLE_IDENTIFIER = com.Assignment1UITests;
				PRODUCT_NAME = "$(TARGET_NAME)";
				SWIFT_VERSION = 5.0;
				TARGETED_DEVICE_FAMILY = "1,2";
				TEST_TARGET_NAME = Assignment1;
			};
			name = Debug;
		};
		D5ADFE4026FAC7270099E6DD /* Release */ = {
			isa = XCBuildConfiguration;
			baseConfigurationReference = DBD45E56064813CA11E1E305 /* Pods-Assignment1-Assignment1UITests.release.xcconfig */;
			buildSettings = {
				ALWAYS_EMBED_SWIFT_STANDARD_LIBRARIES = YES;
				CODE_SIGN_STYLE = Automatic;
				DEVELOPMENT_TEAM = 47CJ75U92A;
				INFOPLIST_FILE = Assignment1UITests/Info.plist;
				LD_RUNPATH_SEARCH_PATHS = (
					"$(inherited)",
					"@executable_path/Frameworks",
					"@loader_path/Frameworks",
				);
				PRODUCT_BUNDLE_IDENTIFIER = com.Assignment1UITests;
				PRODUCT_NAME = "$(TARGET_NAME)";
				SWIFT_VERSION = 5.0;
				TARGETED_DEVICE_FAMILY = "1,2";
				TEST_TARGET_NAME = Assignment1;
			};
			name = Release;
		};
/* End XCBuildConfiguration section */

/* Begin XCConfigurationList section */
		D5ADFE0926FAC7260099E6DD /* Build configuration list for PBXProject "Assignment1" */ = {
			isa = XCConfigurationList;
			buildConfigurations = (
				D5ADFE3626FAC7270099E6DD /* Debug */,
				D5ADFE3726FAC7270099E6DD /* Release */,
			);
			defaultConfigurationIsVisible = 0;
			defaultConfigurationName = Release;
		};
		D5ADFE3826FAC7270099E6DD /* Build configuration list for PBXNativeTarget "Assignment1" */ = {
			isa = XCConfigurationList;
			buildConfigurations = (
				D5ADFE3926FAC7270099E6DD /* Debug */,
				D5ADFE3A26FAC7270099E6DD /* Release */,
			);
			defaultConfigurationIsVisible = 0;
			defaultConfigurationName = Release;
		};
		D5ADFE3B26FAC7270099E6DD /* Build configuration list for PBXNativeTarget "Assignment1Tests" */ = {
			isa = XCConfigurationList;
			buildConfigurations = (
				D5ADFE3C26FAC7270099E6DD /* Debug */,
				D5ADFE3D26FAC7270099E6DD /* Release */,
			);
			defaultConfigurationIsVisible = 0;
			defaultConfigurationName = Release;
		};
		D5ADFE3E26FAC7270099E6DD /* Build configuration list for PBXNativeTarget "Assignment1UITests" */ = {
			isa = XCConfigurationList;
			buildConfigurations = (
				D5ADFE3F26FAC7270099E6DD /* Debug */,
				D5ADFE4026FAC7270099E6DD /* Release */,
			);
			defaultConfigurationIsVisible = 0;
			defaultConfigurationName = Release;
		};
/* End XCConfigurationList section */

/* Begin XCRemoteSwiftPackageReference section */
		D5DDD68E26FC10350011F86F /* XCRemoteSwiftPackageReference "Alamofire" */ = {
			isa = XCRemoteSwiftPackageReference;
			repositoryURL = "https://github.com/Alamofire/Alamofire";
			requirement = {
				kind = upToNextMajorVersion;
				minimumVersion = 5.0.0;
			};
		};
/* End XCRemoteSwiftPackageReference section */

/* Begin XCSwiftPackageProductDependency section */
		D5DDD68F26FC10350011F86F /* Alamofire */ = {
			isa = XCSwiftPackageProductDependency;
			package = D5DDD68E26FC10350011F86F /* XCRemoteSwiftPackageReference "Alamofire" */;
			productName = Alamofire;
		};
/* End XCSwiftPackageProductDependency section */
	};
	rootObject = D5ADFE0626FAC7260099E6DD /* Project object */;
}
